PODS:
  - BlinkingColorLabel (0.1.0)

DEPENDENCIES:
  - BlinkingColorLabel (from `../`)

EXTERNAL SOURCES:
  BlinkingColorLabel:
    :path: "../"

SPEC CHECKSUMS:
  BlinkingColorLabel: 5f31b5833509c85b5ef6431aeaaaa6833969bca1

PODFILE CHECKSUM: 9dd57cd6b2f3a78928b25a4041e1633f33e521be

COCOAPODS: 1.11.3
